
Microsoft Visual Studio Solution File, Format Version 12.00
# Visual Studio Version 17
VisualStudioVersion = 17.9.34526.213
MinimumVisualStudioVersion = 10.0.40219.1
Project("{2150E333-8FDC-42A3-9474-1A3956D46DE8}") = "Solution Items", "Solution Items", "{91CD46F0-2126-450F-842F-7D016E7656C5}"
	ProjectSection(SolutionItems) = preProject
		.dockerignore = .dockerignore
		.editorconfig = .editorconfig
		.gitignore = .gitignore
		.gitlab-ci.yml = .gitlab-ci.yml
		.gitpod.yml = .gitpod.yml
		Commands.txt = Commands.txt
		CONTRIBUTING.md = CONTRIBUTING.md
		Directory.Build.props = Directory.Build.props
		Directory.Packages.props = Directory.Packages.props
		Dockerfile = Dockerfile
		Dockerfile.txt = Dockerfile.txt
		LICENSE = LICENSE
		README.md = README.md
	EndProjectSection
EndProject
Project("{2150E333-8FDC-42A3-9474-1A3956D46DE8}") = "src", "src", "{E807512D-DDA4-4019-BBAE-FB5BAE8DDDC3}"
EndProject
Project("{9A19103F-16F7-4668-BE54-9A1E7A4F7556}") = "ZeroFat.Domain", "src\BuildingBlocks\ZeroFat.Domain\ZeroFat.Domain.csproj", "{6AB5E29D-D4B9-4838-8678-D0EA46329736}"
EndProject
Project("{2150E333-8FDC-42A3-9474-1A3956D46DE8}") = "BuildingBlocks", "BuildingBlocks", "{DD070BFD-F913-4942-8791-3D5A5B4FC130}"
EndProject
Project("{9A19103F-16F7-4668-BE54-9A1E7A4F7556}") = "ZeroFat.Application", "src\BuildingBlocks\ZeroFat.Application\ZeroFat.Application.csproj", "{DA67A3B9-CFDC-452B-92EC-063273BAF11D}"
EndProject
Project("{9A19103F-16F7-4668-BE54-9A1E7A4F7556}") = "ZeroFat.Infrastructure", "src\BuildingBlocks\ZeroFat.Infrastructure\ZeroFat.Infrastructure.csproj", "{634B499B-4DAB-4CB7-AD3A-23443671E778}"
EndProject
Project("{2150E333-8FDC-42A3-9474-1A3956D46DE8}") = "Host", "Host", "{93EAA731-20EC-44C6-BE1A-6BAB113898E7}"
EndProject
Project("{9A19103F-16F7-4668-BE54-9A1E7A4F7556}") = "ZeroFat.WebAPIs", "src\Host\ZeroFat.WebAPIs\ZeroFat.WebAPIs.csproj", "{4F203721-CDD1-4661-A133-4F0BBF0B94A3}"
EndProject
Project("{2150E333-8FDC-42A3-9474-1A3956D46DE8}") = "Modules", "Modules", "{9F035E16-3CBC-4CC3-BE76-935FF147149B}"
EndProject
Project("{2150E333-8FDC-42A3-9474-1A3956D46DE8}") = "Migrations", "Migrations", "{776E6C09-C55E-4F53-BAA5-E4C6777E4DEF}"
EndProject
Project("{9A19103F-16F7-4668-BE54-9A1E7A4F7556}") = "Migrators.MSSQL", "src\Migrations\Migrators.MSSQL\Migrators.MSSQL.csproj", "{09659B3B-3634-472E-9DB2-413C5A609A44}"
EndProject
Project("{9A19103F-16F7-4668-BE54-9A1E7A4F7556}") = "ZeroFat.Users.Infrastructure", "src\Modules\Users\ZeroFat.Users.Infrastructure\ZeroFat.Users.Infrastructure.csproj", "{9095A4F8-CF92-4527-9F43-829606DA54F2}"
EndProject
Project("{2150E333-8FDC-42A3-9474-1A3956D46DE8}") = "Users", "Users", "{7A230698-1B6C-470A-B3F1-E17CD67C9476}"
EndProject
Project("{9A19103F-16F7-4668-BE54-9A1E7A4F7556}") = "ZeroFat.Users.Domain", "src\Modules\Users\ZeroFat.Users.Domain\ZeroFat.Users.Domain.csproj", "{548AE831-9849-428F-B5DE-55B212C8DEA2}"
EndProject
Project("{9A19103F-16F7-4668-BE54-9A1E7A4F7556}") = "ZeroFat.Users.Application", "src\Modules\Users\ZeroFat.Users.Application\ZeroFat.Users.Application.csproj", "{C392EC2F-0C1D-4151-AB75-BF65375AC6EE}"
EndProject
Project("{9A19103F-16F7-4668-BE54-9A1E7A4F7556}") = "ZeroFat.Users.Api", "src\Modules\Users\ZeroFat.Users.Api\ZeroFat.Users.Api.csproj", "{36BC4568-26AD-424D-B915-F9C1A1C20649}"
EndProject
Project("{2150E333-8FDC-42A3-9474-1A3956D46DE8}") = "GymUp", "GymUp", "{04A02FBC-4B76-4841-BD51-6D75948F2828}"
EndProject
Project("{9A19103F-16F7-4668-BE54-9A1E7A4F7556}") = "ZeroFat.GymUp.Domain", "src\Modules\Workouts\ZeroFat.Workouts.Domain\ZeroFat.GymUp.Domain.csproj", "{5262FCD4-2B90-4510-83AE-3919D5AC82A9}"
EndProject
Project("{9A19103F-16F7-4668-BE54-9A1E7A4F7556}") = "ZeroFat.GymUp.Infrastructure", "src\Modules\Workouts\ZeroFat.Workouts.Infrastructure\ZeroFat.GymUp.Infrastructure.csproj", "{EEA85D90-E1A7-4146-854F-6AF5AB3B79DD}"
EndProject
Project("{9A19103F-16F7-4668-BE54-9A1E7A4F7556}") = "ZeroFat.GymUp.Application", "src\Modules\Workouts\ZeroFat.Workouts.Application\ZeroFat.GymUp.Application.csproj", "{DDBDBAFD-ACFD-42AF-9869-79CF18B3DEC1}"
EndProject
Project("{9A19103F-16F7-4668-BE54-9A1E7A4F7556}") = "ZeroFat.GymUp.Api", "src\Modules\Workouts\ZeroFat.Workouts.Api\ZeroFat.GymUp.Api.csproj", "{6907C4B0-8E20-4723-90D2-B6689CDDA0A5}"
EndProject
Project("{2150E333-8FDC-42A3-9474-1A3956D46DE8}") = "ClientPortal", "ClientPortal", "{3BC8A877-BC37-4DE5-B59B-D1F1C0ADCC08}"
EndProject
Project("{9A19103F-16F7-4668-BE54-9A1E7A4F7556}") = "ZeroFat.ClientPortal.Domain", "src\Modules\Clients\ZeroFat.Clients.Domain\ZeroFat.ClientPortal.Domain.csproj", "{9FEE42F7-8186-436A-9C17-DD880A279013}"
EndProject
Project("{9A19103F-16F7-4668-BE54-9A1E7A4F7556}") = "ZeroFat.ClientPortal.Infrastructure", "src\Modules\Clients\ZeroFat.Clients.Infrastructure\ZeroFat.ClientPortal.Infrastructure.csproj", "{50C040B4-6A27-4F97-9AF4-A22D704420CB}"
EndProject
Project("{9A19103F-16F7-4668-BE54-9A1E7A4F7556}") = "ZeroFat.ClientPortal.Application", "src\Modules\Clients\ZeroFat.Clients.Application\ZeroFat.ClientPortal.Application.csproj", "{17195798-D85F-4D00-A06A-32BCE9FD326F}"
EndProject
Project("{9A19103F-16F7-4668-BE54-9A1E7A4F7556}") = "ZeroFat.ClientPortal.Api", "src\Modules\Clients\ZeroFat.Client.Api\ZeroFat.ClientPortal.Api.csproj", "{647E08EE-18EF-46B1-A923-837684F7A37D}"
EndProject
Project("{2150E333-8FDC-42A3-9474-1A3956D46DE8}") = "NutriPlan", "NutriPlan", "{243E0180-02EC-4496-BE47-5E5F86B6E70A}"
EndProject
Project("{9A19103F-16F7-4668-BE54-9A1E7A4F7556}") = "ZeroFat.NutriPlan.Domain", "src\Modules\NutriPlan\ZeroFat.NutriPlan.Domain\ZeroFat.NutriPlan.Domain.csproj", "{3EDE6E3F-B2EA-4D79-8405-9DF3D0984790}"
EndProject
Project("{9A19103F-16F7-4668-BE54-9A1E7A4F7556}") = "ZeroFat.NutriPlan.Application", "src\Modules\NutriPlan\ZeroFat.NutriPlan.Application\ZeroFat.NutriPlan.Application.csproj", "{C472E3EA-7A0E-4FD3-84F9-43BF2795A0E9}"
EndProject
Project("{9A19103F-16F7-4668-BE54-9A1E7A4F7556}") = "ZeroFat.NutriPlan.Infrastructure", "src\Modules\NutriPlan\ZeroFat.NutriPlan.Infrastructure\ZeroFat.NutriPlan.Infrastructure.csproj", "{26F85209-148E-4478-B5B2-62D8D5DBCFCB}"
EndProject
Project("{9A19103F-16F7-4668-BE54-9A1E7A4F7556}") = "ZeroFat.NutriPlan.Api", "src\Modules\NutriPlan\ZeroFat.NutriPlan.Api\ZeroFat.NutriPlan.Api.csproj", "{5890F2ED-3656-4143-9BF8-E78A959C7030}"
EndProject
Project("{9A19103F-16F7-4668-BE54-9A1E7A4F7556}") = "ZeroFat.Shared", "src\BuildingBlocks\ZeroFat.Shared\ZeroFat.Shared.csproj", "{0658699E-B2ED-4BE4-B307-DE81F54C1FF4}"
EndProject
Project("{FAE04EC0-301F-11D3-BF4B-00C04F79EFBC}") = "Migrators.PostgreSQL", "src\Migrations\Migrators.PostgreSQL\Migrators.PostgreSQL.csproj", "{F53EDD29-E18F-41E3-9360-2F6E9F22D174}"
EndProject
Global
	GlobalSection(SolutionConfigurationPlatforms) = preSolution
		Debug|Any CPU = Debug|Any CPU
		Release|Any CPU = Release|Any CPU
	EndGlobalSection
	GlobalSection(ProjectConfigurationPlatforms) = postSolution
		{6AB5E29D-D4B9-4838-8678-D0EA46329736}.Debug|Any CPU.ActiveCfg = Debug|Any CPU
		{6AB5E29D-D4B9-4838-8678-D0EA46329736}.Debug|Any CPU.Build.0 = Debug|Any CPU
		{6AB5E29D-D4B9-4838-8678-D0EA46329736}.Release|Any CPU.ActiveCfg = Release|Any CPU
		{6AB5E29D-D4B9-4838-8678-D0EA46329736}.Release|Any CPU.Build.0 = Release|Any CPU
		{DA67A3B9-CFDC-452B-92EC-063273BAF11D}.Debug|Any CPU.ActiveCfg = Debug|Any CPU
		{DA67A3B9-CFDC-452B-92EC-063273BAF11D}.Debug|Any CPU.Build.0 = Debug|Any CPU
		{DA67A3B9-CFDC-452B-92EC-063273BAF11D}.Release|Any CPU.ActiveCfg = Release|Any CPU
		{DA67A3B9-CFDC-452B-92EC-063273BAF11D}.Release|Any CPU.Build.0 = Release|Any CPU
		{634B499B-4DAB-4CB7-AD3A-23443671E778}.Debug|Any CPU.ActiveCfg = Debug|Any CPU
		{634B499B-4DAB-4CB7-AD3A-23443671E778}.Debug|Any CPU.Build.0 = Debug|Any CPU
		{634B499B-4DAB-4CB7-AD3A-23443671E778}.Release|Any CPU.ActiveCfg = Release|Any CPU
		{634B499B-4DAB-4CB7-AD3A-23443671E778}.Release|Any CPU.Build.0 = Release|Any CPU
		{4F203721-CDD1-4661-A133-4F0BBF0B94A3}.Debug|Any CPU.ActiveCfg = Debug|Any CPU
		{4F203721-CDD1-4661-A133-4F0BBF0B94A3}.Debug|Any CPU.Build.0 = Debug|Any CPU
		{4F203721-CDD1-4661-A133-4F0BBF0B94A3}.Release|Any CPU.ActiveCfg = Release|Any CPU
		{4F203721-CDD1-4661-A133-4F0BBF0B94A3}.Release|Any CPU.Build.0 = Release|Any CPU
		{09659B3B-3634-472E-9DB2-413C5A609A44}.Debug|Any CPU.ActiveCfg = Debug|Any CPU
		{09659B3B-3634-472E-9DB2-413C5A609A44}.Debug|Any CPU.Build.0 = Debug|Any CPU
		{09659B3B-3634-472E-9DB2-413C5A609A44}.Release|Any CPU.ActiveCfg = Release|Any CPU
		{09659B3B-3634-472E-9DB2-413C5A609A44}.Release|Any CPU.Build.0 = Release|Any CPU
		{9095A4F8-CF92-4527-9F43-829606DA54F2}.Debug|Any CPU.ActiveCfg = Debug|Any CPU
		{9095A4F8-CF92-4527-9F43-829606DA54F2}.Debug|Any CPU.Build.0 = Debug|Any CPU
		{9095A4F8-CF92-4527-9F43-829606DA54F2}.Release|Any CPU.ActiveCfg = Release|Any CPU
		{9095A4F8-CF92-4527-9F43-829606DA54F2}.Release|Any CPU.Build.0 = Release|Any CPU
		{548AE831-9849-428F-B5DE-55B212C8DEA2}.Debug|Any CPU.ActiveCfg = Debug|Any CPU
		{548AE831-9849-428F-B5DE-55B212C8DEA2}.Debug|Any CPU.Build.0 = Debug|Any CPU
		{548AE831-9849-428F-B5DE-55B212C8DEA2}.Release|Any CPU.ActiveCfg = Release|Any CPU
		{548AE831-9849-428F-B5DE-55B212C8DEA2}.Release|Any CPU.Build.0 = Release|Any CPU
		{C392EC2F-0C1D-4151-AB75-BF65375AC6EE}.Debug|Any CPU.ActiveCfg = Debug|Any CPU
		{C392EC2F-0C1D-4151-AB75-BF65375AC6EE}.Debug|Any CPU.Build.0 = Debug|Any CPU
		{C392EC2F-0C1D-4151-AB75-BF65375AC6EE}.Release|Any CPU.ActiveCfg = Release|Any CPU
		{C392EC2F-0C1D-4151-AB75-BF65375AC6EE}.Release|Any CPU.Build.0 = Release|Any CPU
		{36BC4568-26AD-424D-B915-F9C1A1C20649}.Debug|Any CPU.ActiveCfg = Debug|Any CPU
		{36BC4568-26AD-424D-B915-F9C1A1C20649}.Debug|Any CPU.Build.0 = Debug|Any CPU
		{36BC4568-26AD-424D-B915-F9C1A1C20649}.Release|Any CPU.ActiveCfg = Release|Any CPU
		{36BC4568-26AD-424D-B915-F9C1A1C20649}.Release|Any CPU.Build.0 = Release|Any CPU
		{5262FCD4-2B90-4510-83AE-3919D5AC82A9}.Debug|Any CPU.ActiveCfg = Debug|Any CPU
		{5262FCD4-2B90-4510-83AE-3919D5AC82A9}.Debug|Any CPU.Build.0 = Debug|Any CPU
		{5262FCD4-2B90-4510-83AE-3919D5AC82A9}.Release|Any CPU.ActiveCfg = Release|Any CPU
		{5262FCD4-2B90-4510-83AE-3919D5AC82A9}.Release|Any CPU.Build.0 = Release|Any CPU
		{EEA85D90-E1A7-4146-854F-6AF5AB3B79DD}.Debug|Any CPU.ActiveCfg = Debug|Any CPU
		{EEA85D90-E1A7-4146-854F-6AF5AB3B79DD}.Debug|Any CPU.Build.0 = Debug|Any CPU
		{EEA85D90-E1A7-4146-854F-6AF5AB3B79DD}.Release|Any CPU.ActiveCfg = Release|Any CPU
		{EEA85D90-E1A7-4146-854F-6AF5AB3B79DD}.Release|Any CPU.Build.0 = Release|Any CPU
		{DDBDBAFD-ACFD-42AF-9869-79CF18B3DEC1}.Debug|Any CPU.ActiveCfg = Debug|Any CPU
		{DDBDBAFD-ACFD-42AF-9869-79CF18B3DEC1}.Debug|Any CPU.Build.0 = Debug|Any CPU
		{DDBDBAFD-ACFD-42AF-9869-79CF18B3DEC1}.Release|Any CPU.ActiveCfg = Release|Any CPU
		{DDBDBAFD-ACFD-42AF-9869-79CF18B3DEC1}.Release|Any CPU.Build.0 = Release|Any CPU
		{6907C4B0-8E20-4723-90D2-B6689CDDA0A5}.Debug|Any CPU.ActiveCfg = Debug|Any CPU
		{6907C4B0-8E20-4723-90D2-B6689CDDA0A5}.Debug|Any CPU.Build.0 = Debug|Any CPU
		{6907C4B0-8E20-4723-90D2-B6689CDDA0A5}.Release|Any CPU.ActiveCfg = Release|Any CPU
		{6907C4B0-8E20-4723-90D2-B6689CDDA0A5}.Release|Any CPU.Build.0 = Release|Any CPU
		{9FEE42F7-8186-436A-9C17-DD880A279013}.Debug|Any CPU.ActiveCfg = Debug|Any CPU
		{9FEE42F7-8186-436A-9C17-DD880A279013}.Debug|Any CPU.Build.0 = Debug|Any CPU
		{9FEE42F7-8186-436A-9C17-DD880A279013}.Release|Any CPU.ActiveCfg = Release|Any CPU
		{9FEE42F7-8186-436A-9C17-DD880A279013}.Release|Any CPU.Build.0 = Release|Any CPU
		{50C040B4-6A27-4F97-9AF4-A22D704420CB}.Debug|Any CPU.ActiveCfg = Debug|Any CPU
		{50C040B4-6A27-4F97-9AF4-A22D704420CB}.Debug|Any CPU.Build.0 = Debug|Any CPU
		{50C040B4-6A27-4F97-9AF4-A22D704420CB}.Release|Any CPU.ActiveCfg = Release|Any CPU
		{50C040B4-6A27-4F97-9AF4-A22D704420CB}.Release|Any CPU.Build.0 = Release|Any CPU
		{17195798-D85F-4D00-A06A-32BCE9FD326F}.Debug|Any CPU.ActiveCfg = Debug|Any CPU
		{17195798-D85F-4D00-A06A-32BCE9FD326F}.Debug|Any CPU.Build.0 = Debug|Any CPU
		{17195798-D85F-4D00-A06A-32BCE9FD326F}.Release|Any CPU.ActiveCfg = Release|Any CPU
		{17195798-D85F-4D00-A06A-32BCE9FD326F}.Release|Any CPU.Build.0 = Release|Any CPU
		{647E08EE-18EF-46B1-A923-837684F7A37D}.Debug|Any CPU.ActiveCfg = Debug|Any CPU
		{647E08EE-18EF-46B1-A923-837684F7A37D}.Debug|Any CPU.Build.0 = Debug|Any CPU
		{647E08EE-18EF-46B1-A923-837684F7A37D}.Release|Any CPU.ActiveCfg = Release|Any CPU
		{647E08EE-18EF-46B1-A923-837684F7A37D}.Release|Any CPU.Build.0 = Release|Any CPU
		{3EDE6E3F-B2EA-4D79-8405-9DF3D0984790}.Debug|Any CPU.ActiveCfg = Debug|Any CPU
		{3EDE6E3F-B2EA-4D79-8405-9DF3D0984790}.Debug|Any CPU.Build.0 = Debug|Any CPU
		{3EDE6E3F-B2EA-4D79-8405-9DF3D0984790}.Release|Any CPU.ActiveCfg = Release|Any CPU
		{3EDE6E3F-B2EA-4D79-8405-9DF3D0984790}.Release|Any CPU.Build.0 = Release|Any CPU
		{C472E3EA-7A0E-4FD3-84F9-43BF2795A0E9}.Debug|Any CPU.ActiveCfg = Debug|Any CPU
		{C472E3EA-7A0E-4FD3-84F9-43BF2795A0E9}.Debug|Any CPU.Build.0 = Debug|Any CPU
		{C472E3EA-7A0E-4FD3-84F9-43BF2795A0E9}.Release|Any CPU.ActiveCfg = Release|Any CPU
		{C472E3EA-7A0E-4FD3-84F9-43BF2795A0E9}.Release|Any CPU.Build.0 = Release|Any CPU
		{26F85209-148E-4478-B5B2-62D8D5DBCFCB}.Debug|Any CPU.ActiveCfg = Debug|Any CPU
		{26F85209-148E-4478-B5B2-62D8D5DBCFCB}.Debug|Any CPU.Build.0 = Debug|Any CPU
		{26F85209-148E-4478-B5B2-62D8D5DBCFCB}.Release|Any CPU.ActiveCfg = Release|Any CPU
		{26F85209-148E-4478-B5B2-62D8D5DBCFCB}.Release|Any CPU.Build.0 = Release|Any CPU
		{5890F2ED-3656-4143-9BF8-E78A959C7030}.Debug|Any CPU.ActiveCfg = Debug|Any CPU
		{5890F2ED-3656-4143-9BF8-E78A959C7030}.Debug|Any CPU.Build.0 = Debug|Any CPU
		{5890F2ED-3656-4143-9BF8-E78A959C7030}.Release|Any CPU.ActiveCfg = Release|Any CPU
		{5890F2ED-3656-4143-9BF8-E78A959C7030}.Release|Any CPU.Build.0 = Release|Any CPU
		{0658699E-B2ED-4BE4-B307-DE81F54C1FF4}.Debug|Any CPU.ActiveCfg = Debug|Any CPU
		{0658699E-B2ED-4BE4-B307-DE81F54C1FF4}.Debug|Any CPU.Build.0 = Debug|Any CPU
		{0658699E-B2ED-4BE4-B307-DE81F54C1FF4}.Release|Any CPU.ActiveCfg = Release|Any CPU
		{0658699E-B2ED-4BE4-B307-DE81F54C1FF4}.Release|Any CPU.Build.0 = Release|Any CPU
		{F53EDD29-E18F-41E3-9360-2F6E9F22D174}.Debug|Any CPU.ActiveCfg = Debug|Any CPU
		{F53EDD29-E18F-41E3-9360-2F6E9F22D174}.Debug|Any CPU.Build.0 = Debug|Any CPU
		{F53EDD29-E18F-41E3-9360-2F6E9F22D174}.Release|Any CPU.ActiveCfg = Release|Any CPU
		{F53EDD29-E18F-41E3-9360-2F6E9F22D174}.Release|Any CPU.Build.0 = Release|Any CPU
	EndGlobalSection
	GlobalSection(SolutionProperties) = preSolution
		HideSolutionNode = FALSE
	EndGlobalSection
	GlobalSection(NestedProjects) = preSolution
		{6AB5E29D-D4B9-4838-8678-D0EA46329736} = {DD070BFD-F913-4942-8791-3D5A5B4FC130}
		{DD070BFD-F913-4942-8791-3D5A5B4FC130} = {E807512D-DDA4-4019-BBAE-FB5BAE8DDDC3}
		{DA67A3B9-CFDC-452B-92EC-063273BAF11D} = {DD070BFD-F913-4942-8791-3D5A5B4FC130}
		{634B499B-4DAB-4CB7-AD3A-23443671E778} = {DD070BFD-F913-4942-8791-3D5A5B4FC130}
		{93EAA731-20EC-44C6-BE1A-6BAB113898E7} = {E807512D-DDA4-4019-BBAE-FB5BAE8DDDC3}
		{4F203721-CDD1-4661-A133-4F0BBF0B94A3} = {93EAA731-20EC-44C6-BE1A-6BAB113898E7}
		{9F035E16-3CBC-4CC3-BE76-935FF147149B} = {E807512D-DDA4-4019-BBAE-FB5BAE8DDDC3}
		{776E6C09-C55E-4F53-BAA5-E4C6777E4DEF} = {E807512D-DDA4-4019-BBAE-FB5BAE8DDDC3}
		{09659B3B-3634-472E-9DB2-413C5A609A44} = {776E6C09-C55E-4F53-BAA5-E4C6777E4DEF}
		{9095A4F8-CF92-4527-9F43-829606DA54F2} = {7A230698-1B6C-470A-B3F1-E17CD67C9476}
		{7A230698-1B6C-470A-B3F1-E17CD67C9476} = {9F035E16-3CBC-4CC3-BE76-935FF147149B}
		{548AE831-9849-428F-B5DE-55B212C8DEA2} = {7A230698-1B6C-470A-B3F1-E17CD67C9476}
		{C392EC2F-0C1D-4151-AB75-BF65375AC6EE} = {7A230698-1B6C-470A-B3F1-E17CD67C9476}
		{36BC4568-26AD-424D-B915-F9C1A1C20649} = {7A230698-1B6C-470A-B3F1-E17CD67C9476}
		{04A02FBC-4B76-4841-BD51-6D75948F2828} = {9F035E16-3CBC-4CC3-BE76-935FF147149B}
		{5262FCD4-2B90-4510-83AE-3919D5AC82A9} = {04A02FBC-4B76-4841-BD51-6D75948F2828}
		{EEA85D90-E1A7-4146-854F-6AF5AB3B79DD} = {04A02FBC-4B76-4841-BD51-6D75948F2828}
		{DDBDBAFD-ACFD-42AF-9869-79CF18B3DEC1} = {04A02FBC-4B76-4841-BD51-6D75948F2828}
		{6907C4B0-8E20-4723-90D2-B6689CDDA0A5} = {04A02FBC-4B76-4841-BD51-6D75948F2828}
		{3BC8A877-BC37-4DE5-B59B-D1F1C0ADCC08} = {9F035E16-3CBC-4CC3-BE76-935FF147149B}
		{9FEE42F7-8186-436A-9C17-DD880A279013} = {3BC8A877-BC37-4DE5-B59B-D1F1C0ADCC08}
		{50C040B4-6A27-4F97-9AF4-A22D704420CB} = {3BC8A877-BC37-4DE5-B59B-D1F1C0ADCC08}
		{17195798-D85F-4D00-A06A-32BCE9FD326F} = {3BC8A877-BC37-4DE5-B59B-D1F1C0ADCC08}
		{647E08EE-18EF-46B1-A923-837684F7A37D} = {3BC8A877-BC37-4DE5-B59B-D1F1C0ADCC08}
		{243E0180-02EC-4496-BE47-5E5F86B6E70A} = {9F035E16-3CBC-4CC3-BE76-935FF147149B}
		{3EDE6E3F-B2EA-4D79-8405-9DF3D0984790} = {243E0180-02EC-4496-BE47-5E5F86B6E70A}
		{C472E3EA-7A0E-4FD3-84F9-43BF2795A0E9} = {243E0180-02EC-4496-BE47-5E5F86B6E70A}
		{26F85209-148E-4478-B5B2-62D8D5DBCFCB} = {243E0180-02EC-4496-BE47-5E5F86B6E70A}
		{5890F2ED-3656-4143-9BF8-E78A959C7030} = {243E0180-02EC-4496-BE47-5E5F86B6E70A}
		{0658699E-B2ED-4BE4-B307-DE81F54C1FF4} = {DD070BFD-F913-4942-8791-3D5A5B4FC130}
		{F53EDD29-E18F-41E3-9360-2F6E9F22D174} = {776E6C09-C55E-4F53-BAA5-E4C6777E4DEF}
	EndGlobalSection
	GlobalSection(ExtensibilityGlobals) = postSolution
		SolutionGuid = {DED7D37E-6EDE-4F9E-BC46-7F03C2A7B431}
	EndGlobalSection
EndGlobal
